
Microsoft Visual Studio Solution File, Format Version 12.00
# Visual Studio Version 17
VisualStudioVersion = 17.11.35208.52
MinimumVisualStudioVersion = 10.0.40219.1
Project("{FAE04EC0-301F-11D3-BF4B-00C04F79EFBC}") = "LKMovies", "LKMovies\LKMovies.csproj", "{ECCD9E39-3641-4C8B-B398-DB890552F483}"
EndProject
Global
	GlobalSection(SolutionConfigurationPlatforms) = preSolution
		Debug|Any CPU = Debug|Any CPU
		Release|Any CPU = Release|Any CPU
	EndGlobalSection
	GlobalSection(ProjectConfigurationPlatforms) = postSolution
		{ECCD9E39-3641-4C8B-B398-DB890552F483}.Debug|Any CPU.ActiveCfg = Debug|Any CPU
		{ECCD9E39-3641-4C8B-B398-DB890552F483}.Debug|Any CPU.Build.0 = Debug|Any CPU
		{ECCD9E39-3641-4C8B-B398-DB890552F483}.Release|Any CPU.ActiveCfg = Release|Any CPU
		{ECCD9E39-3641-4C8B-B398-DB890552F483}.Release|Any CPU.Build.0 = Release|Any CPU
	EndGlobalSection
	GlobalSection(SolutionProperties) = preSolution
		HideSolutionNode = FALSE
	EndGlobalSection
	GlobalSection(ExtensibilityGlobals) = postSolution
		SolutionGuid = {A0FC9606-77BF-49C5-A149-06B76FC33EAC}
	EndGlobalSection
EndGlobal
